// !$*UTF8*$!
{
	archiveVersion = 1;
	classes = {
	};
	objectVersion = 50;
	objects = {

/* Begin PBXBuildFile section */
		299CCB7D23FE971E00A1FD4A /* AppDelegate.swift in Sources */ = {isa = PBXBuildFile; fileRef = 299CCB7C23FE971E00A1FD4A /* AppDelegate.swift */; };
		299CCB7F23FE971E00A1FD4A /* SceneDelegate.swift in Sources */ = {isa = PBXBuildFile; fileRef = 299CCB7E23FE971E00A1FD4A /* SceneDelegate.swift */; };
		299CCB8223FE971E00A1FD4A /* TodoApp.xcdatamodeld in Sources */ = {isa = PBXBuildFile; fileRef = 299CCB8023FE971E00A1FD4A /* TodoApp.xcdatamodeld */; };
		299CCB8423FE971E00A1FD4A /* ContentView.swift in Sources */ = {isa = PBXBuildFile; fileRef = 299CCB8323FE971E00A1FD4A /* ContentView.swift */; };
		299CCB8623FE971F00A1FD4A /* Assets.xcassets in Resources */ = {isa = PBXBuildFile; fileRef = 299CCB8523FE971F00A1FD4A /* Assets.xcassets */; };
		299CCB8923FE971F00A1FD4A /* Preview Assets.xcassets in Resources */ = {isa = PBXBuildFile; fileRef = 299CCB8823FE971F00A1FD4A /* Preview Assets.xcassets */; };
		299CCB8C23FE971F00A1FD4A /* LaunchScreen.storyboard in Resources */ = {isa = PBXBuildFile; fileRef = 299CCB8A23FE971F00A1FD4A /* LaunchScreen.storyboard */; };
		299CCB9723FE971F00A1FD4A /* TodoAppTests.swift in Sources */ = {isa = PBXBuildFile; fileRef = 299CCB9623FE971F00A1FD4A /* TodoAppTests.swift */; };
		299CCBA223FE971F00A1FD4A /* TodoAppUITests.swift in Sources */ = {isa = PBXBuildFile; fileRef = 299CCBA123FE971F00A1FD4A /* TodoAppUITests.swift */; };
/* End PBXBuildFile section */

/* Begin PBXContainerItemProxy section */
		299CCB9323FE971F00A1FD4A /* PBXContainerItemProxy */ = {
			isa = PBXContainerItemProxy;
			containerPortal = 299CCB7123FE971E00A1FD4A /* Project object */;
			proxyType = 1;
			remoteGlobalIDString = 299CCB7823FE971E00A1FD4A;
			remoteInfo = TodoApp;
		};
		299CCB9E23FE971F00A1FD4A /* PBXContainerItemProxy */ = {
			isa = PBXContainerItemProxy;
			containerPortal = 299CCB7123FE971E00A1FD4A /* Project object */;
			proxyType = 1;
			remoteGlobalIDString = 299CCB7823FE971E00A1FD4A;
			remoteInfo = TodoApp;
		};
/* End PBXContainerItemProxy section */

/* Begin PBXFileReference section */
		299CCB7923FE971E00A1FD4A /* TodoApp.app */ = {isa = PBXFileReference; explicitFileType = wrapper.application; includeInIndex = 0; path = TodoApp.app; sourceTree = BUILT_PRODUCTS_DIR; };
		299CCB7C23FE971E00A1FD4A /* AppDelegate.swift */ = {isa = PBXFileReference; lastKnownFileType = sourcecode.swift; path = AppDelegate.swift; sourceTree = "<group>"; };
		299CCB7E23FE971E00A1FD4A /* SceneDelegate.swift */ = {isa = PBXFileReference; lastKnownFileType = sourcecode.swift; path = SceneDelegate.swift; sourceTree = "<group>"; };
		299CCB8123FE971E00A1FD4A /* TodoApp.xcdatamodel */ = {isa = PBXFileReference; lastKnownFileType = wrapper.xcdatamodel; path = TodoApp.xcdatamodel; sourceTree = "<group>"; };
		299CCB8323FE971E00A1FD4A /* ContentView.swift */ = {isa = PBXFileReference; lastKnownFileType = sourcecode.swift; path = ContentView.swift; sourceTree = "<group>"; };
		299CCB8523FE971F00A1FD4A /* Assets.xcassets */ = {isa = PBXFileReference; lastKnownFileType = folder.assetcatalog; path = Assets.xcassets; sourceTree = "<group>"; };
		299CCB8823FE971F00A1FD4A /* Preview Assets.xcassets */ = {isa = PBXFileReference; lastKnownFileType = folder.assetcatalog; path = "Preview Assets.xcassets"; sourceTree = "<group>"; };
		299CCB8B23FE971F00A1FD4A /* Base */ = {isa = PBXFileReference; lastKnownFileType = file.storyboard; name = Base; path = Base.lproj/LaunchScreen.storyboard; sourceTree = "<group>"; };
		299CCB8D23FE971F00A1FD4A /* Info.plist */ = {isa = PBXFileReference; lastKnownFileType = text.plist.xml; path = Info.plist; sourceTree = "<group>"; };
		299CCB9223FE971F00A1FD4A /* TodoAppTests.xctest */ = {isa = PBXFileReference; explicitFileType = wrapper.cfbundle; includeInIndex = 0; path = TodoAppTests.xctest; sourceTree = BUILT_PRODUCTS_DIR; };
		299CCB9623FE971F00A1FD4A /* TodoAppTests.swift */ = {isa = PBXFileReference; lastKnownFileType = sourcecode.swift; path = TodoAppTests.swift; sourceTree = "<group>"; };
		299CCB9823FE971F00A1FD4A /* Info.plist */ = {isa = PBXFileReference; lastKnownFileType = text.plist.xml; path = Info.plist; sourceTree = "<group>"; };
		299CCB9D23FE971F00A1FD4A /* TodoAppUITests.xctest */ = {isa = PBXFileReference; explicitFileType = wrapper.cfbundle; includeInIndex = 0; path = TodoAppUITests.xctest; sourceTree = BUILT_PRODUCTS_DIR; };
		299CCBA123FE971F00A1FD4A /* TodoAppUITests.swift */ = {isa = PBXFileReference; lastKnownFileType = sourcecode.swift; path = TodoAppUITests.swift; sourceTree = "<group>"; };
		299CCBA323FE971F00A1FD4A /* Info.plist */ = {isa = PBXFileReference; lastKnownFileType = text.plist.xml; path = Info.plist; sourceTree = "<group>"; };
/* End PBXFileReference section */

/* Begin PBXFrameworksBuildPhase section */
		299CCB7623FE971E00A1FD4A /* Frameworks */ = {
			isa = PBXFrameworksBuildPhase;
			buildActionMask = 2147483647;
			files = (
			);
			runOnlyForDeploymentPostprocessing = 0;
		};
		299CCB8F23FE971F00A1FD4A /* Frameworks */ = {
			isa = PBXFrameworksBuildPhase;
			buildActionMask = 2147483647;
			files = (
			);
			runOnlyForDeploymentPostprocessing = 0;
		};
		299CCB9A23FE971F00A1FD4A /* Frameworks */ = {
			isa = PBXFrameworksBuildPhase;
			buildActionMask = 2147483647;
			files = (
			);
			runOnlyForDeploymentPostprocessing = 0;
		};
/* End PBXFrameworksBuildPhase section */

/* Begin PBXGroup section */
		299CCB7023FE971E00A1FD4A = {
			isa = PBXGroup;
			children = (
				299CCB7B23FE971E00A1FD4A /* TodoApp */,
				299CCB9523FE971F00A1FD4A /* TodoAppTests */,
				299CCBA023FE971F00A1FD4A /* TodoAppUITests */,
				299CCB7A23FE971E00A1FD4A /* Products */,
			);
			sourceTree = "<group>";
		};
		299CCB7A23FE971E00A1FD4A /* Products */ = {
			isa = PBXGroup;
			children = (
				299CCB7923FE971E00A1FD4A /* TodoApp.app */,
				299CCB9223FE971F00A1FD4A /* TodoAppTests.xctest */,
				299CCB9D23FE971F00A1FD4A /* TodoAppUITests.xctest */,
			);
			name = Products;
			sourceTree = "<group>";
		};
		299CCB7B23FE971E00A1FD4A /* TodoApp */ = {
			isa = PBXGroup;
			children = (
				299CCB7C23FE971E00A1FD4A /* AppDelegate.swift */,
				299CCB7E23FE971E00A1FD4A /* SceneDelegate.swift */,
				299CCB8323FE971E00A1FD4A /* ContentView.swift */,
				299CCB8523FE971F00A1FD4A /* Assets.xcassets */,
				299CCB8A23FE971F00A1FD4A /* LaunchScreen.storyboard */,
				299CCB8D23FE971F00A1FD4A /* Info.plist */,
				299CCB8023FE971E00A1FD4A /* TodoApp.xcdatamodeld */,
				299CCB8723FE971F00A1FD4A /* Preview Content */,
			);
			path = TodoApp;
			sourceTree = "<group>";
		};
		299CCB8723FE971F00A1FD4A /* Preview Content */ = {
			isa = PBXGroup;
			children = (
				299CCB8823FE971F00A1FD4A /* Preview Assets.xcassets */,
			);
			path = "Preview Content";
			sourceTree = "<group>";
		};
		299CCB9523FE971F00A1FD4A /* TodoAppTests */ = {
			isa = PBXGroup;
			children = (
				299CCB9623FE971F00A1FD4A /* TodoAppTests.swift */,
				299CCB9823FE971F00A1FD4A /* Info.plist */,
			);
			path = TodoAppTests;
			sourceTree = "<group>";
		};
		299CCBA023FE971F00A1FD4A /* TodoAppUITests */ = {
			isa = PBXGroup;
			children = (
				299CCBA123FE971F00A1FD4A /* TodoAppUITests.swift */,
				299CCBA323FE971F00A1FD4A /* Info.plist */,
			);
			path = TodoAppUITests;
			sourceTree = "<group>";
		};
/* End PBXGroup section */

/* Begin PBXNativeTarget section */
		299CCB7823FE971E00A1FD4A /* TodoApp */ = {
			isa = PBXNativeTarget;
			buildConfigurationList = 299CCBA623FE971F00A1FD4A /* Build configuration list for PBXNativeTarget "TodoApp" */;
			buildPhases = (
				299CCB7523FE971E00A1FD4A /* Sources */,
				299CCB7623FE971E00A1FD4A /* Frameworks */,
				299CCB7723FE971E00A1FD4A /* Resources */,
			);
			buildRules = (
			);
			dependencies = (
			);
			name = TodoApp;
			productName = TodoApp;
			productReference = 299CCB7923FE971E00A1FD4A /* TodoApp.app */;
			productType = "com.apple.product-type.application";
		};
		299CCB9123FE971F00A1FD4A /* TodoAppTests */ = {
			isa = PBXNativeTarget;
			buildConfigurationList = 299CCBA923FE971F00A1FD4A /* Build configuration list for PBXNativeTarget "TodoAppTests" */;
			buildPhases = (
				299CCB8E23FE971F00A1FD4A /* Sources */,
				299CCB8F23FE971F00A1FD4A /* Frameworks */,
				299CCB9023FE971F00A1FD4A /* Resources */,
			);
			buildRules = (
			);
			dependencies = (
				299CCB9423FE971F00A1FD4A /* PBXTargetDependency */,
			);
			name = TodoAppTests;
			productName = TodoAppTests;
			productReference = 299CCB9223FE971F00A1FD4A /* TodoAppTests.xctest */;
			productType = "com.apple.product-type.bundle.unit-test";
		};
		299CCB9C23FE971F00A1FD4A /* TodoAppUITests */ = {
			isa = PBXNativeTarget;
			buildConfigurationList = 299CCBAC23FE971F00A1FD4A /* Build configuration list for PBXNativeTarget "TodoAppUITests" */;
			buildPhases = (
				299CCB9923FE971F00A1FD4A /* Sources */,
				299CCB9A23FE971F00A1FD4A /* Frameworks */,
				299CCB9B23FE971F00A1FD4A /* Resources */,
			);
			buildRules = (
			);
			dependencies = (
				299CCB9F23FE971F00A1FD4A /* PBXTargetDependency */,
			);
			name = TodoAppUITests;
			productName = TodoAppUITests;
			productReference = 299CCB9D23FE971F00A1FD4A /* TodoAppUITests.xctest */;
			productType = "com.apple.product-type.bundle.ui-testing";
		};
/* End PBXNativeTarget section */

/* Begin PBXProject section */
		299CCB7123FE971E00A1FD4A /* Project object */ = {
			isa = PBXProject;
			attributes = {
				LastSwiftUpdateCheck = 1130;
				LastUpgradeCheck = 1130;
				ORGANIZATIONNAME = codebrust;
				TargetAttributes = {
					299CCB7823FE971E00A1FD4A = {
						CreatedOnToolsVersion = 11.3.1;
					};
					299CCB9123FE971F00A1FD4A = {
						CreatedOnToolsVersion = 11.3.1;
						TestTargetID = 299CCB7823FE971E00A1FD4A;
					};
					299CCB9C23FE971F00A1FD4A = {
						CreatedOnToolsVersion = 11.3.1;
						TestTargetID = 299CCB7823FE971E00A1FD4A;
					};
				};
			};
			buildConfigurationList = 299CCB7423FE971E00A1FD4A /* Build configuration list for PBXProject "TodoApp" */;
			compatibilityVersion = "Xcode 9.3";
			developmentRegion = en;
			hasScannedForEncodings = 0;
			knownRegions = (
				en,
				Base,
			);
			mainGroup = 299CCB7023FE971E00A1FD4A;
			productRefGroup = 299CCB7A23FE971E00A1FD4A /* Products */;
			projectDirPath = "";
			projectRoot = "";
			targets = (
				299CCB7823FE971E00A1FD4A /* TodoApp */,
				299CCB9123FE971F00A1FD4A /* TodoAppTests */,
				299CCB9C23FE971F00A1FD4A /* TodoAppUITests */,
			);
		};
/* End PBXProject section */

/* Begin PBXResourcesBuildPhase section */
		299CCB7723FE971E00A1FD4A /* Resources */ = {
			isa = PBXResourcesBuildPhase;
			buildActionMask = 2147483647;
			files = (
				299CCB8C23FE971F00A1FD4A /* LaunchScreen.storyboard in Resources */,
				299CCB8923FE971F00A1FD4A /* Preview Assets.xcassets in Resources */,
				299CCB8623FE971F00A1FD4A /* Assets.xcassets in Resources */,
			);
			runOnlyForDeploymentPostprocessing = 0;
		};
		299CCB9023FE971F00A1FD4A /* Resources */ = {
			isa = PBXResourcesBuildPhase;
			buildActionMask = 2147483647;
			files = (
			);
			runOnlyForDeploymentPostprocessing = 0;
		};
		299CCB9B23FE971F00A1FD4A /* Resources */ = {
			isa = PBXResourcesBuildPhase;
			buildActionMask = 2147483647;
			files = (
			);
			runOnlyForDeploymentPostprocessing = 0;
		};
/* End PBXResourcesBuildPhase section */

/* Begin PBXSourcesBuildPhase section */
		299CCB7523FE971E00A1FD4A /* Sources */ = {
			isa = PBXSourcesBuildPhase;
			buildActionMask = 2147483647;
			files = (
				299CCB7D23FE971E00A1FD4A /* AppDelegate.swift in Sources */,
				299CCB8223FE971E00A1FD4A /* TodoApp.xcdatamodeld in Sources */,
				299CCB8423FE971E00A1FD4A /* ContentView.swift in Sources */,
				299CCB7F23FE971E00A1FD4A /* SceneDelegate.swift in Sources */,
			);
			runOnlyForDeploymentPostprocessing = 0;
		};
		299CCB8E23FE971F00A1FD4A /* Sources */ = {
			isa = PBXSourcesBuildPhase;
			buildActionMask = 2147483647;
			files = (
				299CCB9723FE971F00A1FD4A /* TodoAppTests.swift in Sources */,
			);
			runOnlyForDeploymentPostprocessing = 0;
		};
		299CCB9923FE971F00A1FD4A /* Sources */ = {
			isa = PBXSourcesBuildPhase;
			buildActionMask = 2147483647;
			files = (
				299CCBA223FE971F00A1FD4A /* TodoAppUITests.swift in Sources */,
			);
			runOnlyForDeploymentPostprocessing = 0;
		};
/* End PBXSourcesBuildPhase section */

/* Begin PBXTargetDependency section */
		299CCB9423FE971F00A1FD4A /* PBXTargetDependency */ = {
			isa = PBXTargetDependency;
			target = 299CCB7823FE971E00A1FD4A /* TodoApp */;
			targetProxy = 299CCB9323FE971F00A1FD4A /* PBXContainerItemProxy */;
		};
		299CCB9F23FE971F00A1FD4A /* PBXTargetDependency */ = {
			isa = PBXTargetDependency;
			target = 299CCB7823FE971E00A1FD4A /* TodoApp */;
			targetProxy = 299CCB9E23FE971F00A1FD4A /* PBXContainerItemProxy */;
		};
/* End PBXTargetDependency section */

/* Begin PBXVariantGroup section */
		299CCB8A23FE971F00A1FD4A /* LaunchScreen.storyboard */ = {
			isa = PBXVariantGroup;
			children = (
				299CCB8B23FE971F00A1FD4A /* Base */,
			);
			name = LaunchScreen.storyboard;
			sourceTree = "<group>";
		};
/* End PBXVariantGroup section */

/* Begin XCBuildConfiguration section */
		299CCBA423FE971F00A1FD4A /* Debug */ = {
			isa = XCBuildConfiguration;
			buildSettings = {
				ALWAYS_SEARCH_USER_PATHS = NO;
				CLANG_ANALYZER_NONNULL = YES;
				CLANG_ANALYZER_NUMBER_OBJECT_CONVERSION = YES_AGGRESSIVE;
				CLANG_CXX_LANGUAGE_STANDARD = "gnu++14";
				CLANG_CXX_LIBRARY = "libc++";
				CLANG_ENABLE_MODULES = YES;
				CLANG_ENABLE_OBJC_ARC = YES;
				CLANG_ENABLE_OBJC_WEAK = YES;
				CLANG_WARN_BLOCK_CAPTURE_AUTORELEASING = YES;
				CLANG_WARN_BOOL_CONVERSION = YES;
				CLANG_WARN_COMMA = YES;
				CLANG_WARN_CONSTANT_CONVERSION = YES;
				CLANG_WARN_DEPRECATED_OBJC_IMPLEMENTATIONS = YES;
				CLANG_WARN_DIRECT_OBJC_ISA_USAGE = YES_ERROR;
				CLANG_WARN_DOCUMENTATION_COMMENTS = YES;
				CLANG_WARN_EMPTY_BODY = YES;
				CLANG_WARN_ENUM_CONVERSION = YES;
				CLANG_WARN_INFINITE_RECURSION = YES;
				CLANG_WARN_INT_CONVERSION = YES;
				CLANG_WARN_NON_LITERAL_NULL_CONVERSION = YES;
				CLANG_WARN_OBJC_IMPLICIT_RETAIN_SELF = YES;
				CLANG_WARN_OBJC_LITERAL_CONVERSION = YES;
				CLANG_WARN_OBJC_ROOT_CLASS = YES_ERROR;
				CLANG_WARN_RANGE_LOOP_ANALYSIS = YES;
				CLANG_WARN_STRICT_PROTOTYPES = YES;
				CLANG_WARN_SUSPICIOUS_MOVE = YES;
				CLANG_WARN_UNGUARDED_AVAILABILITY = YES_AGGRESSIVE;
				CLANG_WARN_UNREACHABLE_CODE = YES;
				CLANG_WARN__DUPLICATE_METHOD_MATCH = YES;
				COPY_PHASE_STRIP = NO;
				DEBUG_INFORMATION_FORMAT = dwarf;
				ENABLE_STRICT_OBJC_MSGSEND = YES;
				ENABLE_TESTABILITY = YES;
				GCC_C_LANGUAGE_STANDARD = gnu11;
				GCC_DYNAMIC_NO_PIC = NO;
				GCC_NO_COMMON_BLOCKS = YES;
				GCC_OPTIMIZATION_LEVEL = 0;
				GCC_PREPROCESSOR_DEFINITIONS = (
					"DEBUG=1",
					"$(inherited)",
				);
				GCC_WARN_64_TO_32_BIT_CONVERSION = YES;
				GCC_WARN_ABOUT_RETURN_TYPE = YES_ERROR;
				GCC_WARN_UNDECLARED_SELECTOR = YES;
				GCC_WARN_UNINITIALIZED_AUTOS = YES_AGGRESSIVE;
				GCC_WARN_UNUSED_FUNCTION = YES;
				GCC_WARN_UNUSED_VARIABLE = YES;
				IPHONEOS_DEPLOYMENT_TARGET = 13.2;
				MTL_ENABLE_DEBUG_INFO = INCLUDE_SOURCE;
				MTL_FAST_MATH = YES;
				ONLY_ACTIVE_ARCH = YES;
				SDKROOT = iphoneos;
				SWIFT_ACTIVE_COMPILATION_CONDITIONS = DEBUG;
				SWIFT_OPTIMIZATION_LEVEL = "-Onone";
			};
			name = Debug;
		};
		299CCBA523FE971F00A1FD4A /* Release */ = {
			isa = XCBuildConfiguration;
			buildSettings = {
				ALWAYS_SEARCH_USER_PATHS = NO;
				CLANG_ANALYZER_NONNULL = YES;
				CLANG_ANALYZER_NUMBER_OBJECT_CONVERSION = YES_AGGRESSIVE;
				CLANG_CXX_LANGUAGE_STANDARD = "gnu++14";
				CLANG_CXX_LIBRARY = "libc++";
				CLANG_ENABLE_MODULES = YES;
				CLANG_ENABLE_OBJC_ARC = YES;
				CLANG_ENABLE_OBJC_WEAK = YES;
				CLANG_WARN_BLOCK_CAPTURE_AUTORELEASING = YES;
				CLANG_WARN_BOOL_CONVERSION = YES;
				CLANG_WARN_COMMA = YES;
				CLANG_WARN_CONSTANT_CONVERSION = YES;
				CLANG_WARN_DEPRECATED_OBJC_IMPLEMENTATIONS = YES;
				CLANG_WARN_DIRECT_OBJC_ISA_USAGE = YES_ERROR;
				CLANG_WARN_DOCUMENTATION_COMMENTS = YES;
				CLANG_WARN_EMPTY_BODY = YES;
				CLANG_WARN_ENUM_CONVERSION = YES;
				CLANG_WARN_INFINITE_RECURSION = YES;
				CLANG_WARN_INT_CONVERSION = YES;
				CLANG_WARN_NON_LITERAL_NULL_CONVERSION = YES;
				CLANG_WARN_OBJC_IMPLICIT_RETAIN_SELF = YES;
				CLANG_WARN_OBJC_LITERAL_CONVERSION = YES;
				CLANG_WARN_OBJC_ROOT_CLASS = YES_ERROR;
				CLANG_WARN_RANGE_LOOP_ANALYSIS = YES;
				CLANG_WARN_STRICT_PROTOTYPES = YES;
				CLANG_WARN_SUSPICIOUS_MOVE = YES;
				CLANG_WARN_UNGUARDED_AVAILABILITY = YES_AGGRESSIVE;
				CLANG_WARN_UNREACHABLE_CODE = YES;
				CLANG_WARN__DUPLICATE_METHOD_MATCH = YES;
				COPY_PHASE_STRIP = NO;
				DEBUG_INFORMATION_FORMAT = "dwarf-with-dsym";
				ENABLE_NS_ASSERTIONS = NO;
				ENABLE_STRICT_OBJC_MSGSEND = YES;
				GCC_C_LANGUAGE_STANDARD = gnu11;
				GCC_NO_COMMON_BLOCKS = YES;
				GCC_WARN_64_TO_32_BIT_CONVERSION = YES;
				GCC_WARN_ABOUT_RETURN_TYPE = YES_ERROR;
				GCC_WARN_UNDECLARED_SELECTOR = YES;
				GCC_WARN_UNINITIALIZED_AUTOS = YES_AGGRESSIVE;
				GCC_WARN_UNUSED_FUNCTION = YES;
				GCC_WARN_UNUSED_VARIABLE = YES;
				IPHONEOS_DEPLOYMENT_TARGET = 13.2;
				MTL_ENABLE_DEBUG_INFO = NO;
				MTL_FAST_MATH = YES;
				SDKROOT = iphoneos;
				SWIFT_COMPILATION_MODE = wholemodule;
				SWIFT_OPTIMIZATION_LEVEL = "-O";
				VALIDATE_PRODUCT = YES;
			};
			name = Release;
		};
		299CCBA723FE971F00A1FD4A /* Debug */ = {
			isa = XCBuildConfiguration;
			buildSettings = {
				ASSETCATALOG_COMPILER_APPICON_NAME = AppIcon;
				CODE_SIGN_STYLE = Automatic;
				DEVELOPMENT_ASSET_PATHS = "\"TodoApp/Preview Content\"";
				ENABLE_PREVIEWS = YES;
				INFOPLIST_FILE = TodoApp/Info.plist;
				LD_RUNPATH_SEARCH_PATHS = (
					"$(inherited)",
					"@executable_path/Frameworks",
				);
				PRODUCT_BUNDLE_IDENTIFIER = com.codebrust.todoapp.TodoApp;
				PRODUCT_NAME = "$(TARGET_NAME)";
				SWIFT_VERSION = 5.0;
				TARGETED_DEVICE_FAMILY = "1,2";
			};
			name = Debug;
		};
		299CCBA823FE971F00A1FD4A /* Release */ = {
			isa = XCBuildConfiguration;
			buildSettings = {
				ASSETCATALOG_COMPILER_APPICON_NAME = AppIcon;
				CODE_SIGN_STYLE = Automatic;
				DEVELOPMENT_ASSET_PATHS = "\"TodoApp/Preview Content\"";
				ENABLE_PREVIEWS = YES;
				INFOPLIST_FILE = TodoApp/Info.plist;
				LD_RUNPATH_SEARCH_PATHS = (
					"$(inherited)",
					"@executable_path/Frameworks",
				);
				PRODUCT_BUNDLE_IDENTIFIER = com.codebrust.todoapp.TodoApp;
				PRODUCT_NAME = "$(TARGET_NAME)";
				SWIFT_VERSION = 5.0;
				TARGETED_DEVICE_FAMILY = "1,2";
			};
			name = Release;
		};
		299CCBAA23FE971F00A1FD4A /* Debug */ = {
			isa = XCBuildConfiguration;
			buildSettings = {
				ALWAYS_EMBED_SWIFT_STANDARD_LIBRARIES = YES;
				BUNDLE_LOADER = "$(TEST_HOST)";
				CODE_SIGN_STYLE = Automatic;
				INFOPLIST_FILE = TodoAppTests/Info.plist;
				IPHONEOS_DEPLOYMENT_TARGET = 13.2;
				LD_RUNPATH_SEARCH_PATHS = (
					"$(inherited)",
					"@executable_path/Frameworks",
					"@loader_path/Frameworks",
				);
				PRODUCT_BUNDLE_IDENTIFIER = com.codebrust.todoapp.TodoAppTests;
				PRODUCT_NAME = "$(TARGET_NAME)";
				SWIFT_VERSION = 5.0;
				TARGETED_DEVICE_FAMILY = "1,2";
				TEST_HOST = "$(BUILT_PRODUCTS_DIR)/TodoApp.app/TodoApp";
			};
			name = Debug;
		};
		299CCBAB23FE971F00A1FD4A /* Release */ = {
			isa = XCBuildConfiguration;
			buildSettings = {
				ALWAYS_EMBED_SWIFT_STANDARD_LIBRARIES = YES;
				BUNDLE_LOADER = "$(TEST_HOST)";
				CODE_SIGN_STYLE = Automatic;
				INFOPLIST_FILE = TodoAppTests/Info.plist;
				IPHONEOS_DEPLOYMENT_TARGET = 13.2;
				LD_RUNPATH_SEARCH_PATHS = (
					"$(inherited)",
					"@executable_path/Frameworks",
					"@loader_path/Frameworks",
				);
				PRODUCT_BUNDLE_IDENTIFIER = com.codebrust.todoapp.TodoAppTests;
				PRODUCT_NAME = "$(TARGET_NAME)";
				SWIFT_VERSION = 5.0;
				TARGETED_DEVICE_FAMILY = "1,2";
				TEST_HOST = "$(BUILT_PRODUCTS_DIR)/TodoApp.app/TodoApp";
			};
			name = Release;
		};
		299CCBAD23FE971F00A1FD4A /* Debug */ = {
			isa = XCBuildConfiguration;
			buildSettings = {
				ALWAYS_EMBED_SWIFT_STANDARD_LIBRARIES = YES;
				CODE_SIGN_STYLE = Automatic;
				INFOPLIST_FILE = TodoAppUITests/Info.plist;
				LD_RUNPATH_SEARCH_PATHS = (
					"$(inherited)",
					"@executable_path/Frameworks",
					"@loader_path/Frameworks",
				);
				PRODUCT_BUNDLE_IDENTIFIER = com.codebrust.todoapp.TodoAppUITests;
				PRODUCT_NAME = "$(TARGET_NAME)";
				SWIFT_VERSION = 5.0;
				TARGETED_DEVICE_FAMILY = "1,2";
				TEST_TARGET_NAME = TodoApp;
			};
			name = Debug;
		};
		299CCBAE23FE971F00A1FD4A /* Release */ = {
			isa = XCBuildConfiguration;
			buildSettings = {
				ALWAYS_EMBED_SWIFT_STANDARD_LIBRARIES = YES;
				CODE_SIGN_STYLE = Automatic;
				INFOPLIST_FILE = TodoAppUITests/Info.plist;
				LD_RUNPATH_SEARCH_PATHS = (
					"$(inherited)",
					"@executable_path/Frameworks",
					"@loader_path/Frameworks",
				);
				PRODUCT_BUNDLE_IDENTIFIER = com.codebrust.todoapp.TodoAppUITests;
				PRODUCT_NAME = "$(TARGET_NAME)";
				SWIFT_VERSION = 5.0;
				TARGETED_DEVICE_FAMILY = "1,2";
				TEST_TARGET_NAME = TodoApp;
			};
			name = Release;
		};
/* End XCBuildConfiguration section */

/* Begin XCConfigurationList section */
		299CCB7423FE971E00A1FD4A /* Build configuration list for PBXProject "TodoApp" */ = {
			isa = XCConfigurationList;
			buildConfigurations = (
				299CCBA423FE971F00A1FD4A /* Debug */,
				299CCBA523FE971F00A1FD4A /* Release */,
			);
			defaultConfigurationIsVisible = 0;
			defaultConfigurationName = Release;
		};
		299CCBA623FE971F00A1FD4A /* Build configuration list for PBXNativeTarget "TodoApp" */ = {
			isa = XCConfigurationList;
			buildConfigurations = (
				299CCBA723FE971F00A1FD4A /* Debug */,
				299CCBA823FE971F00A1FD4A /* Release */,
			);
			defaultConfigurationIsVisible = 0;
			defaultConfigurationName = Release;
		};
		299CCBA923FE971F00A1FD4A /* Build configuration list for PBXNativeTarget "TodoAppTests" */ = {
			isa = XCConfigurationList;
			buildConfigurations = (
				299CCBAA23FE971F00A1FD4A /* Debug */,
				299CCBAB23FE971F00A1FD4A /* Release */,
			);
			defaultConfigurationIsVisible = 0;
			defaultConfigurationName = Release;
		};
		299CCBAC23FE971F00A1FD4A /* Build configuration list for PBXNativeTarget "TodoAppUITests" */ = {
			isa = XCConfigurationList;
			buildConfigurations = (
				299CCBAD23FE971F00A1FD4A /* Debug */,
				299CCBAE23FE971F00A1FD4A /* Release */,
			);
			defaultConfigurationIsVisible = 0;
			defaultConfigurationName = Release;
		};
/* End XCConfigurationList section */

/* Begin XCVersionGroup section */
		299CCB8023FE971E00A1FD4A /* TodoApp.xcdatamodeld */ = {
			isa = XCVersionGroup;
			children = (
				299CCB8123FE971E00A1FD4A /* TodoApp.xcdatamodel */,
			);
			currentVersion = 299CCB8123FE971E00A1FD4A /* TodoApp.xcdatamodel */;
			path = TodoApp.xcdatamodeld;
			sourceTree = "<group>";
			versionGroupType = wrapper.xcdatamodel;
		};
/* End XCVersionGroup section */
	};
	rootObject = 299CCB7123FE971E00A1FD4A /* Project object */;
}
